
Microsoft Visual Studio Solution File, Format Version 12.00
# Visual Studio Version 17
VisualStudioVersion = 17.0.31912.275
MinimumVisualStudioVersion = 10.0.40219.1
Project("{2150E333-8FDC-42A3-9474-1A3956D46DE8}") = "blog.ememisaac.com", "blog.ememisaac.com", "{0E0B913A-38D3-43D1-8180-FE877629F738}"
EndProject
Project("{2150E333-8FDC-42A3-9474-1A3956D46DE8}") = "Frontend", "Frontend", "{E845EE6E-4E26-414B-95F8-0E281A96970E}"
EndProject
Project("{2150E333-8FDC-42A3-9474-1A3956D46DE8}") = "Services", "Services", "{F26F8008-22F8-4909-A186-6A4A780A428F}"
EndProject
Project("{2150E333-8FDC-42A3-9474-1A3956D46DE8}") = "Integration", "Integration", "{5F1B12D2-625A-4726-AF2B-C4648C0EBB11}"
EndProject
Project("{2150E333-8FDC-42A3-9474-1A3956D46DE8}") = "Core", "Core", "{FA0BED9F-A453-47C2-B36D-E8131D7E7194}"
EndProject
Project("{FAE04EC0-301F-11D3-BF4B-00C04F79EFBC}") = "EmemIsaac.Blog.Application", "blog\EmemIsaac.Blog.Application\EmemIsaac.Blog.Application.csproj", "{6138ADB9-C5B3-445B-B38C-E46FA44D8C21}"
EndProject
Project("{FAE04EC0-301F-11D3-BF4B-00C04F79EFBC}") = "EmemIsaac.Blog.Domain", "blog\EmemIsaac.Blog.Domain\EmemIsaac.Blog.Domain.csproj", "{309EB8A8-AF5D-4F7A-95FB-B37B68C4D577}"
EndProject
Project("{2150E333-8FDC-42A3-9474-1A3956D46DE8}") = "Infrastructure", "Infrastructure", "{101712FB-0C44-4D96-B038-08AD0097C8C3}"
EndProject
Project("{FAE04EC0-301F-11D3-BF4B-00C04F79EFBC}") = "EmemIsaac.Blog.Infrastructure", "blog\EmemIsaac.Blog.Infrastructure\EmemIsaac.Blog.Infrastructure.csproj", "{29BAF729-DE49-4452-A196-E20E8DA4BB78}"
EndProject
Project("{FAE04EC0-301F-11D3-BF4B-00C04F79EFBC}") = "EmemIsaac.Blog.Persistence", "blog\EmemIsaac.Blog.Persistence\EmemIsaac.Blog.Persistence.csproj", "{40BDCAD8-8F7B-45E5-BA76-382B780B67EC}"
EndProject
Project("{2150E333-8FDC-42A3-9474-1A3956D46DE8}") = "src", "src", "{E88A0259-590D-430D-83B9-73E52E3859E9}"
EndProject
Project("{2150E333-8FDC-42A3-9474-1A3956D46DE8}") = "tests", "tests", "{16B230F0-C5EA-4102-965A-9B7617618863}"
EndProject
Project("{9A19103F-16F7-4668-BE54-9A1E7A4F7556}") = "EmemIsaac.Blog.Api", "blog\EmemIsaac.Blog.Api\EmemIsaac.Blog.Api.csproj", "{6AFFB7A2-FC89-4E0C-B43E-1DEC0A8D44A2}"
EndProject
Project("{9A19103F-16F7-4668-BE54-9A1E7A4F7556}") = "EmemIsaac.Blog.Application.UnitTests", "blog\EmemIsaac.Blog.Domain.Tests\EmemIsaac.Blog.Application.UnitTests.csproj", "{BFAF2981-8445-4D78-BD2A-C65357A891BF}"
EndProject
Project("{9A19103F-16F7-4668-BE54-9A1E7A4F7556}") = "EmemIsaac.Blog.Persistence.IntegrationTests", "blog\EmemIsaac.Blog.Persistence.IntegrationTests\EmemIsaac.Blog.Persistence.IntegrationTests.csproj", "{CE5C0ECA-391A-473C-A13A-5757FF4835BF}"
EndProject
Project("{9A19103F-16F7-4668-BE54-9A1E7A4F7556}") = "EmemIsaac.Blog.API.IntegrationTests", "blog\EmemIsaac.Blog.API.IntegrationTests\EmemIsaac.Blog.API.IntegrationTests.csproj", "{6F83785A-81BD-455A-93F3-2A1CD2C0F3E3}"
EndProject
Project("{FAE04EC0-301F-11D3-BF4B-00C04F79EFBC}") = "EmemIsaac.Blog.BApplication", "blog\EmemIsaac.Blog.BApplication\EmemIsaac.Blog.BApplication.csproj", "{EE6618EE-30C7-4699-8D9A-4FD16C26BF11}"
EndProject
Project("{2150E333-8FDC-42A3-9474-1A3956D46DE8}") = ".github", ".github", "{F9B1E060-69C5-4B56-A656-11F012BF4549}"
	ProjectSection(SolutionItems) = preProject
		.github\depandabot.yml = .github\depandabot.yml
	EndProjectSection
EndProject
Project("{2150E333-8FDC-42A3-9474-1A3956D46DE8}") = "workflows", "workflows", "{986B00FE-CF24-4C9B-A253-0F1672A16A3A}"
	ProjectSection(SolutionItems) = preProject
		.github\workflows\ci.yml = .github\workflows\ci.yml
	EndProjectSection
EndProject
Global
	GlobalSection(SolutionConfigurationPlatforms) = preSolution
		Debug|Any CPU = Debug|Any CPU
		Release|Any CPU = Release|Any CPU
	EndGlobalSection
	GlobalSection(ProjectConfigurationPlatforms) = postSolution
		{6138ADB9-C5B3-445B-B38C-E46FA44D8C21}.Debug|Any CPU.ActiveCfg = Debug|Any CPU
		{6138ADB9-C5B3-445B-B38C-E46FA44D8C21}.Debug|Any CPU.Build.0 = Debug|Any CPU
		{6138ADB9-C5B3-445B-B38C-E46FA44D8C21}.Release|Any CPU.ActiveCfg = Release|Any CPU
		{6138ADB9-C5B3-445B-B38C-E46FA44D8C21}.Release|Any CPU.Build.0 = Release|Any CPU
		{309EB8A8-AF5D-4F7A-95FB-B37B68C4D577}.Debug|Any CPU.ActiveCfg = Debug|Any CPU
		{309EB8A8-AF5D-4F7A-95FB-B37B68C4D577}.Debug|Any CPU.Build.0 = Debug|Any CPU
		{309EB8A8-AF5D-4F7A-95FB-B37B68C4D577}.Release|Any CPU.ActiveCfg = Release|Any CPU
		{309EB8A8-AF5D-4F7A-95FB-B37B68C4D577}.Release|Any CPU.Build.0 = Release|Any CPU
		{29BAF729-DE49-4452-A196-E20E8DA4BB78}.Debug|Any CPU.ActiveCfg = Debug|Any CPU
		{29BAF729-DE49-4452-A196-E20E8DA4BB78}.Debug|Any CPU.Build.0 = Debug|Any CPU
		{29BAF729-DE49-4452-A196-E20E8DA4BB78}.Release|Any CPU.ActiveCfg = Release|Any CPU
		{29BAF729-DE49-4452-A196-E20E8DA4BB78}.Release|Any CPU.Build.0 = Release|Any CPU
		{40BDCAD8-8F7B-45E5-BA76-382B780B67EC}.Debug|Any CPU.ActiveCfg = Debug|Any CPU
		{40BDCAD8-8F7B-45E5-BA76-382B780B67EC}.Debug|Any CPU.Build.0 = Debug|Any CPU
		{40BDCAD8-8F7B-45E5-BA76-382B780B67EC}.Release|Any CPU.ActiveCfg = Release|Any CPU
		{40BDCAD8-8F7B-45E5-BA76-382B780B67EC}.Release|Any CPU.Build.0 = Release|Any CPU
		{6AFFB7A2-FC89-4E0C-B43E-1DEC0A8D44A2}.Debug|Any CPU.ActiveCfg = Debug|Any CPU
		{6AFFB7A2-FC89-4E0C-B43E-1DEC0A8D44A2}.Debug|Any CPU.Build.0 = Debug|Any CPU
		{6AFFB7A2-FC89-4E0C-B43E-1DEC0A8D44A2}.Release|Any CPU.ActiveCfg = Release|Any CPU
		{6AFFB7A2-FC89-4E0C-B43E-1DEC0A8D44A2}.Release|Any CPU.Build.0 = Release|Any CPU
		{BFAF2981-8445-4D78-BD2A-C65357A891BF}.Debug|Any CPU.ActiveCfg = Debug|Any CPU
		{BFAF2981-8445-4D78-BD2A-C65357A891BF}.Debug|Any CPU.Build.0 = Debug|Any CPU
		{BFAF2981-8445-4D78-BD2A-C65357A891BF}.Release|Any CPU.ActiveCfg = Release|Any CPU
		{BFAF2981-8445-4D78-BD2A-C65357A891BF}.Release|Any CPU.Build.0 = Release|Any CPU
		{CE5C0ECA-391A-473C-A13A-5757FF4835BF}.Debug|Any CPU.ActiveCfg = Debug|Any CPU
		{CE5C0ECA-391A-473C-A13A-5757FF4835BF}.Debug|Any CPU.Build.0 = Debug|Any CPU
		{CE5C0ECA-391A-473C-A13A-5757FF4835BF}.Release|Any CPU.ActiveCfg = Release|Any CPU
		{CE5C0ECA-391A-473C-A13A-5757FF4835BF}.Release|Any CPU.Build.0 = Release|Any CPU
		{6F83785A-81BD-455A-93F3-2A1CD2C0F3E3}.Debug|Any CPU.ActiveCfg = Debug|Any CPU
		{6F83785A-81BD-455A-93F3-2A1CD2C0F3E3}.Debug|Any CPU.Build.0 = Debug|Any CPU
		{6F83785A-81BD-455A-93F3-2A1CD2C0F3E3}.Release|Any CPU.ActiveCfg = Release|Any CPU
		{6F83785A-81BD-455A-93F3-2A1CD2C0F3E3}.Release|Any CPU.Build.0 = Release|Any CPU
		{EE6618EE-30C7-4699-8D9A-4FD16C26BF11}.Debug|Any CPU.ActiveCfg = Debug|Any CPU
		{EE6618EE-30C7-4699-8D9A-4FD16C26BF11}.Debug|Any CPU.Build.0 = Debug|Any CPU
		{EE6618EE-30C7-4699-8D9A-4FD16C26BF11}.Release|Any CPU.ActiveCfg = Release|Any CPU
		{EE6618EE-30C7-4699-8D9A-4FD16C26BF11}.Release|Any CPU.Build.0 = Release|Any CPU
	EndGlobalSection
	GlobalSection(SolutionProperties) = preSolution
		HideSolutionNode = FALSE
	EndGlobalSection
	GlobalSection(NestedProjects) = preSolution
		{E845EE6E-4E26-414B-95F8-0E281A96970E} = {E88A0259-590D-430D-83B9-73E52E3859E9}
		{F26F8008-22F8-4909-A186-6A4A780A428F} = {E88A0259-590D-430D-83B9-73E52E3859E9}
		{5F1B12D2-625A-4726-AF2B-C4648C0EBB11} = {E88A0259-590D-430D-83B9-73E52E3859E9}
		{FA0BED9F-A453-47C2-B36D-E8131D7E7194} = {E88A0259-590D-430D-83B9-73E52E3859E9}
		{6138ADB9-C5B3-445B-B38C-E46FA44D8C21} = {FA0BED9F-A453-47C2-B36D-E8131D7E7194}
		{309EB8A8-AF5D-4F7A-95FB-B37B68C4D577} = {FA0BED9F-A453-47C2-B36D-E8131D7E7194}
		{101712FB-0C44-4D96-B038-08AD0097C8C3} = {E88A0259-590D-430D-83B9-73E52E3859E9}
		{29BAF729-DE49-4452-A196-E20E8DA4BB78} = {101712FB-0C44-4D96-B038-08AD0097C8C3}
		{40BDCAD8-8F7B-45E5-BA76-382B780B67EC} = {101712FB-0C44-4D96-B038-08AD0097C8C3}
		{E88A0259-590D-430D-83B9-73E52E3859E9} = {0E0B913A-38D3-43D1-8180-FE877629F738}
		{16B230F0-C5EA-4102-965A-9B7617618863} = {0E0B913A-38D3-43D1-8180-FE877629F738}
		{986B00FE-CF24-4C9B-A253-0F1672A16A3A} = {F9B1E060-69C5-4B56-A656-11F012BF4549}
		{6AFFB7A2-FC89-4E0C-B43E-1DEC0A8D44A2} = {F26F8008-22F8-4909-A186-6A4A780A428F}
		{BFAF2981-8445-4D78-BD2A-C65357A891BF} = {16B230F0-C5EA-4102-965A-9B7617618863}
		{CE5C0ECA-391A-473C-A13A-5757FF4835BF} = {16B230F0-C5EA-4102-965A-9B7617618863}
		{6F83785A-81BD-455A-93F3-2A1CD2C0F3E3} = {16B230F0-C5EA-4102-965A-9B7617618863}
		{EE6618EE-30C7-4699-8D9A-4FD16C26BF11} = {E845EE6E-4E26-414B-95F8-0E281A96970E}
	EndGlobalSection
	GlobalSection(ExtensibilityGlobals) = postSolution
		SolutionGuid = {155C93D9-7CFD-47B3-A3E6-AAEDE8AA2C3C}
	EndGlobalSection
EndGlobal
